github.com/BurntSushi/toml v0.3.1 h1:WXkYYl6Yr3qBf1K79EBnL4mak0OimBfB0XUf9Vl28OQ=
github.com/BurntSushi/toml v0.3.1/go.mod h1:xHWCNGjB5oqiDr8zfno3MHue2Ht5sIBksp03qcyfWMU=
github.com/dgryski/go-jump v0.0.0-20170409065014-e1f439676b57 h1:qZNIK8jjHgLFHAW2wzCWPEv0ZIgcBhU7X3oDt/p3Sv0=
github.com/dgryski/go-jump v0.0.0-20170409065014-e1f439676b57/go.mod h1:4hKCXuwrJoYvHZxJ86+bRVTOMyJ0Ej+RqfSm8mHi6KA=
github.com/edwingeng/doublejump v0.0.0-20190102103700-461a0155c7be h1:FnUE/uuuegwvhGE9z61q9krL5km5Mnwlusq3BT06yy8=
github.com/edwingeng/doublejump v0.0.0-20190102103700-461a0155c7be/go.mod h1:sqbHCF7b7eMiCtiwNY5+2bqhT+Zx6Duj2VU5WigITOQ=
github.com/fatih/color v1.7.0 h1:DkWD4oS2D8LGGgTQ6IvwJJXSL5Vp2ffcQg58nFV38Ys=
github.com/fatih/color v1.7.0/go.mod h1:Zm6kSWBoL9eyXnKyktHP6abPY2pDugNf5KwzbycvMj4=
github.com/golang/protobuf v1.3.2 h1:6nsPYzhq5kReh6QImI3k5qWzO4PEbvbIW2cwSfR/6xs=
github.com/golang/protobuf v1.3.2/go.mod h1:6lQm79b+lXiMfvg/cZm0SGofjICqVBUtrP5yJMmIC1U=
github.com/hillguo/sanhttp v0.0.0-20200116135434-0346ad5e2f69 h1:jdFMQ53m1O/OE6Yw54ioGeYSHahinDXAUzr7ZROpeeg=
github.com/hillguo/sanhttp v0.0.0-20200116135434-0346ad5e2f69/go.mod h1:ZW9HL57rdFPLQj4HWNPZXLDc/5g+04+9paUWku4pTzU=
github.com/hillguo/sanhttp v0.0.0-20200324135546-a8011f2d2ca8 h1:fmYCneKXPXtRRIJWckiGmzDoEih4lbzEa1uJKYIGQ0o=
github.com/hillguo/sanhttp v0.0.0-20200324135546-a8011f2d2ca8/go.mod h1:ZW9HL57rdFPLQj4HWNPZXLDc/5g+04+9paUWku4pTzU=
github.com/hillguo/sanlog v0.0.0-20191108155211-bfd64160ecd6 h1:IZXYw/04/dgIM2zczDWAXQerks/TEmKGKnH8Us4fiu0=
github.com/hillguo/sanlog v0.0.0-20191108155211-bfd64160ecd6/go.mod h1:1f4dTTOGx4L2f+dlqim+P/MlpKMoeG2+XiQpU6PAw8I=
github.com/mattn/go-colorable v0.1.4 h1:snbPLB8fVfU9iwbbo30TPtbLRzwWu6aJS6Xh4eaaviA=
github.com/mattn/go-colorable v0.1.4/go.mod h1:U0ppj6V5qS13XJ6of8GYAs25YV2eR4EVcfRqFIhoBtE=
github.com/mattn/go-isatty v0.0.8/go.mod h1:Iq45c/XA43vh69/j3iqttzPXn0bhXyGjM0Hdxcsrc5s=
github.com/mattn/go-isatty v0.0.10 h1:qxFzApOv4WsAL965uUPIsXzAKCZxN2p9UqdhFS4ZW10=
github.com/mattn/go-isatty v0.0.10/go.mod h1:qgIWMr58cqv1PHHyhnkY9lrL7etaEgOFcMEpPG5Rm84=
github.com/serialx/hashring v0.0.0-20180504054112-49a4782e9908/go.mod h1:/yeG0My1xr/u+HZrFQ1tOQQQQrOawfyMUH13ai5brBc=
github.com/valyala/fastrand v1.0.0 h1:LUKT9aKer2dVQNUi3waewTbKV+7H17kvWFNKs2ObdkI=
github.com/valyala/fastrand v1.0.0/go.mod h1:HWqCzkrkg6QXT8V2EXWvXCoow7vLwOFN002oeRzjapQ=
golang.org/x/sys v0.0.0-20190222072716-a9d3bda3a223/go.mod h1:STP8DvDyc/dI5b8T5hshtkjS+E42TnysNCUPdjciGhY=
golang.org/x/sys v0.0.0-20191008105621-543471e840be h1:QAcqgptGM8IQBC9K/RC4o+O9YmqEm0diQn9QmZw/0mU=
golang.org/x/sys v0.0.0-20191008105621-543471e840be/go.mod h1:h1NjWce9XRLGQEsW7wpKNCjG9DtNlClVuFLEZdDNbEs=
golang.org/x/sys v0.0.0-20191010194322-b09406accb47 h1:/XfQ9z7ib8eEJX2hdgFTZJ/ntt0swNk5oYBziWeTCvY=
golang.org/x/sys v0.0.0-20191010194322-b09406accb47/go.mod h1:h1NjWce9XRLGQEsW7wpKNCjG9DtNlClVuFLEZdDNbEs=
